lockfileVersion: '6.0'

settings:
  autoInstallPeers: true
  excludeLinksFromLockfile: false

dependencies:
  graphql:
    specifier: ^16.8.1
    version: 16.8.1
  graphql-relay:
    specifier: ^0.10.0
    version: 0.10.0(graphql@16.8.1)

packages:

  /graphql-relay@0.10.0(graphql@16.8.1):
    resolution: {integrity: sha512-44yBuw2/DLNEiMypbNZBt1yMDbBmyVPVesPywnteGGALiBmdyy1JP8jSg8ClLePg8ZZxk0O4BLhd1a6U/1jDOQ==}
    engines: {node: ^12.20.0 || ^14.15.0 || >= 15.9.0}
    peerDependencies:
      graphql: ^16.2.0
    dependencies:
      graphql: 16.8.1
    dev: false

  /graphql@16.8.1:
    resolution: {integrity: sha512-59LZHPdGZVh695Ud9lRzPBVTtlX9ZCV150Er2W43ro37wVof0ctenSaskPPjN7lVTIN8mSZt8PHUNKZuNQUuxw==}
    engines: {node: ^12.22.0 || ^14.16.0 || ^16.0.0 || >=17.0.0}
    dev: false
